
Microsoft Visual Studio Solution File, Format Version 12.00
# Visual Studio Version 16
VisualStudioVersion = 16.0.31105.61
MinimumVisualStudioVersion = 10.0.40219.1
Project("{FAE04EC0-301F-11D3-BF4B-00C04F79EFBC}") = "EmployeeManagement.Models", "EmployeeManagement.Models\EmployeeManagement.Models.csproj", "{57872B84-40D4-415B-B253-B46229DCDFE7}"
EndProject
Project("{FAE04EC0-301F-11D3-BF4B-00C04F79EFBC}") = "EmployeeManagement.Web", "EmployeeManagement.Web\EmployeeManagement.Web.csproj", "{8F7F4FA8-FF1C-4D08-ADBD-8DBE604FB6F7}"
EndProject
Global
	GlobalSection(SolutionConfigurationPlatforms) = preSolution
		Debug|Any CPU = Debug|Any CPU
		Release|Any CPU = Release|Any CPU
	EndGlobalSection
	GlobalSection(ProjectConfigurationPlatforms) = postSolution
		{57872B84-40D4-415B-B253-B46229DCDFE7}.Debug|Any CPU.ActiveCfg = Debug|Any CPU
		{57872B84-40D4-415B-B253-B46229DCDFE7}.Debug|Any CPU.Build.0 = Debug|Any CPU
		{57872B84-40D4-415B-B253-B46229DCDFE7}.Release|Any CPU.ActiveCfg = Release|Any CPU
		{57872B84-40D4-415B-B253-B46229DCDFE7}.Release|Any CPU.Build.0 = Release|Any CPU
		{8F7F4FA8-FF1C-4D08-ADBD-8DBE604FB6F7}.Debug|Any CPU.ActiveCfg = Debug|Any CPU
		{8F7F4FA8-FF1C-4D08-ADBD-8DBE604FB6F7}.Debug|Any CPU.Build.0 = Debug|Any CPU
		{8F7F4FA8-FF1C-4D08-ADBD-8DBE604FB6F7}.Release|Any CPU.ActiveCfg = Release|Any CPU
		{8F7F4FA8-FF1C-4D08-ADBD-8DBE604FB6F7}.Release|Any CPU.Build.0 = Release|Any CPU
	EndGlobalSection
	GlobalSection(SolutionProperties) = preSolution
		HideSolutionNode = FALSE
	EndGlobalSection
	GlobalSection(ExtensibilityGlobals) = postSolution
		SolutionGuid = {99B17161-9C37-4185-8207-4AAF9195549A}
	EndGlobalSection
EndGlobal
